
Microsoft Visual Studio Solution File, Format Version 12.00
# Visual Studio Version 17
VisualStudioVersion = 17.4.33213.308
MinimumVisualStudioVersion = 10.0.40219.1
Project("{2150E333-8FDC-42A3-9474-1A3956D46DE8}") = "BookingService", "BookingService", "{CCCCE9E0-3248-47B4-B7AD-C810A6DAF7E1}"
EndProject
Project("{2150E333-8FDC-42A3-9474-1A3956D46DE8}") = "PaymentService", "PaymentService", "{472D8D3E-1CA9-41B5-BA9E-C985B607088E}"
EndProject
Project("{2150E333-8FDC-42A3-9474-1A3956D46DE8}") = "Core", "Core", "{4DBEF04F-E2A7-4128-92E7-7102CFE7E25B}"
EndProject
Project("{2150E333-8FDC-42A3-9474-1A3956D46DE8}") = "Domain", "Domain", "{7AA889EB-B815-4BAF-8722-A247AA729E99}"
EndProject
Project("{2150E333-8FDC-42A3-9474-1A3956D46DE8}") = "Application", "Application", "{4D4CA573-6517-4B0F-8ECB-35BEC5E8A2C0}"
EndProject
Project("{2150E333-8FDC-42A3-9474-1A3956D46DE8}") = "Adapters", "Adapters", "{EA85848B-6A66-48A0-B468-CE0F9D15C59E}"
EndProject
Project("{2150E333-8FDC-42A3-9474-1A3956D46DE8}") = "Consumers", "Consumers", "{D25A1C98-385A-446A-ABED-5194AF18AC68}"
EndProject
Project("{2150E333-8FDC-42A3-9474-1A3956D46DE8}") = "Tests", "Tests", "{099B4EA7-2F3D-4510-982D-D2E2DA3437C6}"
EndProject
Project("{2150E333-8FDC-42A3-9474-1A3956D46DE8}") = "Domain", "Domain", "{8484EDF1-224E-410A-B0DF-A5AE512385B5}"
EndProject
Project("{2150E333-8FDC-42A3-9474-1A3956D46DE8}") = "Application", "Application", "{EC955C23-0EEF-402F-995C-2989782E23D5}"
EndProject
Project("{2150E333-8FDC-42A3-9474-1A3956D46DE8}") = "Adapters", "Adapters", "{C31CA8DD-062B-42AE-A741-B692B5E12EE6}"
EndProject
Project("{9A19103F-16F7-4668-BE54-9A1E7A4F7556}") = "ApplicationTests", "BookingService\Tests\ApplicationTests\ApplicationTests.csproj", "{69070B71-4794-419D-8001-B6BB07F916CC}"
EndProject
Project("{9A19103F-16F7-4668-BE54-9A1E7A4F7556}") = "DomainTests", "BookingService\Tests\DomainTests\DomainTests.csproj", "{13CC4FE9-39D4-4A86-95FF-32A500B5A7DC}"
EndProject
Project("{9A19103F-16F7-4668-BE54-9A1E7A4F7556}") = "AdaptersTests", "BookingService\Tests\AdaptersTests\AdaptersTests.csproj", "{865A4AA5-E855-49DF-B0E8-9F76205BADB9}"
EndProject
Project("{9A19103F-16F7-4668-BE54-9A1E7A4F7556}") = "Api", "BookingService\Consumers\Api\Api.csproj", "{0FA1D773-7288-451F-80D7-DC514D4C762D}"
EndProject
Project("{9A19103F-16F7-4668-BE54-9A1E7A4F7556}") = "Data", "BookingService\Adapters\Data\Data.csproj", "{7E9018B5-FC63-409A-AE8D-3CE499B9B36F}"
EndProject
Project("{9A19103F-16F7-4668-BE54-9A1E7A4F7556}") = "Application", "BookingService\Core\Application\Application.csproj", "{E9367CCE-B8A7-48BD-89EB-AF7BC90CAA1E}"
EndProject
Project("{9A19103F-16F7-4668-BE54-9A1E7A4F7556}") = "Domain", "BookingService\Core\Domain\Domain.csproj", "{C100C5A5-5C85-44DA-B0D2-64110F63DD22}"
EndProject
Global
	GlobalSection(SolutionConfigurationPlatforms) = preSolution
		Debug|Any CPU = Debug|Any CPU
		Release|Any CPU = Release|Any CPU
	EndGlobalSection
	GlobalSection(ProjectConfigurationPlatforms) = postSolution
		{69070B71-4794-419D-8001-B6BB07F916CC}.Debug|Any CPU.ActiveCfg = Debug|Any CPU
		{69070B71-4794-419D-8001-B6BB07F916CC}.Debug|Any CPU.Build.0 = Debug|Any CPU
		{69070B71-4794-419D-8001-B6BB07F916CC}.Release|Any CPU.ActiveCfg = Release|Any CPU
		{69070B71-4794-419D-8001-B6BB07F916CC}.Release|Any CPU.Build.0 = Release|Any CPU
		{13CC4FE9-39D4-4A86-95FF-32A500B5A7DC}.Debug|Any CPU.ActiveCfg = Debug|Any CPU
		{13CC4FE9-39D4-4A86-95FF-32A500B5A7DC}.Debug|Any CPU.Build.0 = Debug|Any CPU
		{13CC4FE9-39D4-4A86-95FF-32A500B5A7DC}.Release|Any CPU.ActiveCfg = Release|Any CPU
		{13CC4FE9-39D4-4A86-95FF-32A500B5A7DC}.Release|Any CPU.Build.0 = Release|Any CPU
		{865A4AA5-E855-49DF-B0E8-9F76205BADB9}.Debug|Any CPU.ActiveCfg = Debug|Any CPU
		{865A4AA5-E855-49DF-B0E8-9F76205BADB9}.Debug|Any CPU.Build.0 = Debug|Any CPU
		{865A4AA5-E855-49DF-B0E8-9F76205BADB9}.Release|Any CPU.ActiveCfg = Release|Any CPU
		{865A4AA5-E855-49DF-B0E8-9F76205BADB9}.Release|Any CPU.Build.0 = Release|Any CPU
		{0FA1D773-7288-451F-80D7-DC514D4C762D}.Debug|Any CPU.ActiveCfg = Debug|Any CPU
		{0FA1D773-7288-451F-80D7-DC514D4C762D}.Debug|Any CPU.Build.0 = Debug|Any CPU
		{0FA1D773-7288-451F-80D7-DC514D4C762D}.Release|Any CPU.ActiveCfg = Release|Any CPU
		{0FA1D773-7288-451F-80D7-DC514D4C762D}.Release|Any CPU.Build.0 = Release|Any CPU
		{7E9018B5-FC63-409A-AE8D-3CE499B9B36F}.Debug|Any CPU.ActiveCfg = Debug|Any CPU
		{7E9018B5-FC63-409A-AE8D-3CE499B9B36F}.Debug|Any CPU.Build.0 = Debug|Any CPU
		{7E9018B5-FC63-409A-AE8D-3CE499B9B36F}.Release|Any CPU.ActiveCfg = Release|Any CPU
		{7E9018B5-FC63-409A-AE8D-3CE499B9B36F}.Release|Any CPU.Build.0 = Release|Any CPU
		{E9367CCE-B8A7-48BD-89EB-AF7BC90CAA1E}.Debug|Any CPU.ActiveCfg = Debug|Any CPU
		{E9367CCE-B8A7-48BD-89EB-AF7BC90CAA1E}.Debug|Any CPU.Build.0 = Debug|Any CPU
		{E9367CCE-B8A7-48BD-89EB-AF7BC90CAA1E}.Release|Any CPU.ActiveCfg = Release|Any CPU
		{E9367CCE-B8A7-48BD-89EB-AF7BC90CAA1E}.Release|Any CPU.Build.0 = Release|Any CPU
		{C100C5A5-5C85-44DA-B0D2-64110F63DD22}.Debug|Any CPU.ActiveCfg = Debug|Any CPU
		{C100C5A5-5C85-44DA-B0D2-64110F63DD22}.Debug|Any CPU.Build.0 = Debug|Any CPU
		{C100C5A5-5C85-44DA-B0D2-64110F63DD22}.Release|Any CPU.ActiveCfg = Release|Any CPU
		{C100C5A5-5C85-44DA-B0D2-64110F63DD22}.Release|Any CPU.Build.0 = Release|Any CPU
	EndGlobalSection
	GlobalSection(SolutionProperties) = preSolution
		HideSolutionNode = FALSE
	EndGlobalSection
	GlobalSection(NestedProjects) = preSolution
		{4DBEF04F-E2A7-4128-92E7-7102CFE7E25B} = {CCCCE9E0-3248-47B4-B7AD-C810A6DAF7E1}
		{7AA889EB-B815-4BAF-8722-A247AA729E99} = {4DBEF04F-E2A7-4128-92E7-7102CFE7E25B}
		{4D4CA573-6517-4B0F-8ECB-35BEC5E8A2C0} = {4DBEF04F-E2A7-4128-92E7-7102CFE7E25B}
		{EA85848B-6A66-48A0-B468-CE0F9D15C59E} = {CCCCE9E0-3248-47B4-B7AD-C810A6DAF7E1}
		{D25A1C98-385A-446A-ABED-5194AF18AC68} = {CCCCE9E0-3248-47B4-B7AD-C810A6DAF7E1}
		{099B4EA7-2F3D-4510-982D-D2E2DA3437C6} = {CCCCE9E0-3248-47B4-B7AD-C810A6DAF7E1}
		{8484EDF1-224E-410A-B0DF-A5AE512385B5} = {099B4EA7-2F3D-4510-982D-D2E2DA3437C6}
		{EC955C23-0EEF-402F-995C-2989782E23D5} = {099B4EA7-2F3D-4510-982D-D2E2DA3437C6}
		{C31CA8DD-062B-42AE-A741-B692B5E12EE6} = {099B4EA7-2F3D-4510-982D-D2E2DA3437C6}
		{69070B71-4794-419D-8001-B6BB07F916CC} = {EC955C23-0EEF-402F-995C-2989782E23D5}
		{13CC4FE9-39D4-4A86-95FF-32A500B5A7DC} = {8484EDF1-224E-410A-B0DF-A5AE512385B5}
		{865A4AA5-E855-49DF-B0E8-9F76205BADB9} = {C31CA8DD-062B-42AE-A741-B692B5E12EE6}
		{0FA1D773-7288-451F-80D7-DC514D4C762D} = {D25A1C98-385A-446A-ABED-5194AF18AC68}
		{7E9018B5-FC63-409A-AE8D-3CE499B9B36F} = {EA85848B-6A66-48A0-B468-CE0F9D15C59E}
		{E9367CCE-B8A7-48BD-89EB-AF7BC90CAA1E} = {4D4CA573-6517-4B0F-8ECB-35BEC5E8A2C0}
		{C100C5A5-5C85-44DA-B0D2-64110F63DD22} = {7AA889EB-B815-4BAF-8722-A247AA729E99}
	EndGlobalSection
	GlobalSection(ExtensibilityGlobals) = postSolution
		SolutionGuid = {38823D11-81F1-46D7-ABC3-CBEDDA5C5B86}
	EndGlobalSection
EndGlobal
